
Microsoft Visual Studio Solution File, Format Version 12.00
# Visual Studio Version 17
VisualStudioVersion = 17.5.33516.290
MinimumVisualStudioVersion = 10.0.40219.1
Project("{FAE04EC0-301F-11D3-BF4B-00C04F79EFBC}") = "Taller_estructura, programa 1", "Taller_estructura, programa 1\Taller_estructura, programa 1.csproj", "{FB9AF92E-2EBA-4C42-B9C7-3EB144216145}"
EndProject
Global
	GlobalSection(SolutionConfigurationPlatforms) = preSolution
		Debug|Any CPU = Debug|Any CPU
		Release|Any CPU = Release|Any CPU
	EndGlobalSection
	GlobalSection(ProjectConfigurationPlatforms) = postSolution
		{FB9AF92E-2EBA-4C42-B9C7-3EB144216145}.Debug|Any CPU.ActiveCfg = Debug|Any CPU
		{FB9AF92E-2EBA-4C42-B9C7-3EB144216145}.Debug|Any CPU.Build.0 = Debug|Any CPU
		{FB9AF92E-2EBA-4C42-B9C7-3EB144216145}.Release|Any CPU.ActiveCfg = Release|Any CPU
		{FB9AF92E-2EBA-4C42-B9C7-3EB144216145}.Release|Any CPU.Build.0 = Release|Any CPU
	EndGlobalSection
	GlobalSection(SolutionProperties) = preSolution
		HideSolutionNode = FALSE
	EndGlobalSection
	GlobalSection(ExtensibilityGlobals) = postSolution
		SolutionGuid = {75721058-AD7E-45AD-8403-55F598B273E5}
	EndGlobalSection
EndGlobal
